// !$*UTF8*$!
{
	archiveVersion = 1;
	classes = {
	};
	objectVersion = 46;
	objects = {

/* Begin PBXBuildFile section */
		4A054A2B1ECE71C600545EEC /* AnswerDetailTableViewCell.swift in Sources */ = {isa = PBXBuildFile; fileRef = 4A054A2A1ECE71C600545EEC /* AnswerDetailTableViewCell.swift */; };
		4A054A351ECE86FF00545EEC /* QuestionManager.swift in Sources */ = {isa = PBXBuildFile; fileRef = 4A054A341ECE86FF00545EEC /* QuestionManager.swift */; };
		4A054A371ECE950800545EEC /* Tag.swift in Sources */ = {isa = PBXBuildFile; fileRef = 4A054A361ECE950800545EEC /* Tag.swift */; };
		4A054A391ECE9AE900545EEC /* StackDataObject.swift in Sources */ = {isa = PBXBuildFile; fileRef = 4A054A381ECE9AE900545EEC /* StackDataObject.swift */; };
		4A11C6711ECB574200E29E0B /* ServerManager.swift in Sources */ = {isa = PBXBuildFile; fileRef = 4A11C6701ECB574200E29E0B /* ServerManager.swift */; };
		4A11C6731ECB5B9900E29E0B /* Question.swift in Sources */ = {isa = PBXBuildFile; fileRef = 4A11C6721ECB5B9900E29E0B /* Question.swift */; };
		4A11C6751ECB5BA700E29E0B /* Answer.swift in Sources */ = {isa = PBXBuildFile; fileRef = 4A11C6741ECB5BA700E29E0B /* Answer.swift */; };
		4A27D50B1ECB4EA1009598BA /* AppDelegate.swift in Sources */ = {isa = PBXBuildFile; fileRef = 4A27D50A1ECB4EA1009598BA /* AppDelegate.swift */; };
		4A27D5101ECB4EA1009598BA /* Main.storyboard in Resources */ = {isa = PBXBuildFile; fileRef = 4A27D50E1ECB4EA1009598BA /* Main.storyboard */; };
		4A27D5121ECB4EA1009598BA /* Assets.xcassets in Resources */ = {isa = PBXBuildFile; fileRef = 4A27D5111ECB4EA1009598BA /* Assets.xcassets */; };
		4A27D5151ECB4EA1009598BA /* LaunchScreen.storyboard in Resources */ = {isa = PBXBuildFile; fileRef = 4A27D5131ECB4EA1009598BA /* LaunchScreen.storyboard */; };
		4A27D51D1ECB548A009598BA /* QuestionTableViewCell.swift in Sources */ = {isa = PBXBuildFile; fileRef = 4A27D51C1ECB548A009598BA /* QuestionTableViewCell.swift */; };
		4ADFDE601ECC95A400DAACDC /* User.swift in Sources */ = {isa = PBXBuildFile; fileRef = 4ADFDE5F1ECC95A400DAACDC /* User.swift */; };
		4ADFDE621ECCF1E300DAACDC /* QuestionsTableViewController.swift in Sources */ = {isa = PBXBuildFile; fileRef = 4ADFDE611ECCF1E300DAACDC /* QuestionsTableViewController.swift */; };
		4ADFDE641ECE3BED00DAACDC /* QuestionDetailTableViewController.swift in Sources */ = {isa = PBXBuildFile; fileRef = 4ADFDE631ECE3BED00DAACDC /* QuestionDetailTableViewController.swift */; };
		4ADFDE681ECE4C1400DAACDC /* QuestionDetailTableViewCell.swift in Sources */ = {isa = PBXBuildFile; fileRef = 4ADFDE671ECE4C1400DAACDC /* QuestionDetailTableViewCell.swift */; };
		F2B0E0A7DF4F8B6962837964 /* Pods_StackOverflow.framework in Frameworks */ = {isa = PBXBuildFile; fileRef = 6C4E88286BF2E877D2651982 /* Pods_StackOverflow.framework */; };
/* End PBXBuildFile section */

/* Begin PBXFileReference section */
		104A09F734F4288FB975F326 /* Pods-StackOverflow.debug.xcconfig */ = {isa = PBXFileReference; includeInIndex = 1; lastKnownFileType = text.xcconfig; name = "Pods-StackOverflow.debug.xcconfig"; path = "Pods/Target Support Files/Pods-StackOverflow/Pods-StackOverflow.debug.xcconfig"; sourceTree = "<group>"; };
		1D9E8FCAFF92A5CFFD2E88E5 /* Pods-StackOverflow.release.xcconfig */ = {isa = PBXFileReference; includeInIndex = 1; lastKnownFileType = text.xcconfig; name = "Pods-StackOverflow.release.xcconfig"; path = "Pods/Target Support Files/Pods-StackOverflow/Pods-StackOverflow.release.xcconfig"; sourceTree = "<group>"; };
		4A054A2A1ECE71C600545EEC /* AnswerDetailTableViewCell.swift */ = {isa = PBXFileReference; fileEncoding = 4; lastKnownFileType = sourcecode.swift; path = AnswerDetailTableViewCell.swift; sourceTree = "<group>"; };
		4A054A341ECE86FF00545EEC /* QuestionManager.swift */ = {isa = PBXFileReference; fileEncoding = 4; lastKnownFileType = sourcecode.swift; path = QuestionManager.swift; sourceTree = "<group>"; };
		4A054A361ECE950800545EEC /* Tag.swift */ = {isa = PBXFileReference; fileEncoding = 4; lastKnownFileType = sourcecode.swift; path = Tag.swift; sourceTree = "<group>"; };
		4A054A381ECE9AE900545EEC /* StackDataObject.swift */ = {isa = PBXFileReference; fileEncoding = 4; lastKnownFileType = sourcecode.swift; path = StackDataObject.swift; sourceTree = "<group>"; };
		4A11C6701ECB574200E29E0B /* ServerManager.swift */ = {isa = PBXFileReference; fileEncoding = 4; lastKnownFileType = sourcecode.swift; path = ServerManager.swift; sourceTree = "<group>"; };
		4A11C6721ECB5B9900E29E0B /* Question.swift */ = {isa = PBXFileReference; fileEncoding = 4; lastKnownFileType = sourcecode.swift; path = Question.swift; sourceTree = "<group>"; };
		4A11C6741ECB5BA700E29E0B /* Answer.swift */ = {isa = PBXFileReference; fileEncoding = 4; lastKnownFileType = sourcecode.swift; path = Answer.swift; sourceTree = "<group>"; };
		4A27D5071ECB4EA1009598BA /* StackOverflow.app */ = {isa = PBXFileReference; explicitFileType = wrapper.application; includeInIndex = 0; path = StackOverflow.app; sourceTree = BUILT_PRODUCTS_DIR; };
		4A27D50A1ECB4EA1009598BA /* AppDelegate.swift */ = {isa = PBXFileReference; lastKnownFileType = sourcecode.swift; path = AppDelegate.swift; sourceTree = "<group>"; };
		4A27D50F1ECB4EA1009598BA /* Base */ = {isa = PBXFileReference; lastKnownFileType = file.storyboard; name = Base; path = Base.lproj/Main.storyboard; sourceTree = "<group>"; };
		4A27D5111ECB4EA1009598BA /* Assets.xcassets */ = {isa = PBXFileReference; lastKnownFileType = folder.assetcatalog; path = Assets.xcassets; sourceTree = "<group>"; };
		4A27D5141ECB4EA1009598BA /* Base */ = {isa = PBXFileReference; lastKnownFileType = file.storyboard; name = Base; path = Base.lproj/LaunchScreen.storyboard; sourceTree = "<group>"; };
		4A27D5161ECB4EA1009598BA /* Info.plist */ = {isa = PBXFileReference; lastKnownFileType = text.plist.xml; path = Info.plist; sourceTree = "<group>"; };
		4A27D51C1ECB548A009598BA /* QuestionTableViewCell.swift */ = {isa = PBXFileReference; fileEncoding = 4; lastKnownFileType = sourcecode.swift; path = QuestionTableViewCell.swift; sourceTree = "<group>"; };
		4ADFDE5F1ECC95A400DAACDC /* User.swift */ = {isa = PBXFileReference; fileEncoding = 4; lastKnownFileType = sourcecode.swift; path = User.swift; sourceTree = "<group>"; };
		4ADFDE611ECCF1E300DAACDC /* QuestionsTableViewController.swift */ = {isa = PBXFileReference; fileEncoding = 4; lastKnownFileType = sourcecode.swift; name = QuestionsTableViewController.swift; path = ../QuestionsTableViewController.swift; sourceTree = "<group>"; };
		4ADFDE631ECE3BED00DAACDC /* QuestionDetailTableViewController.swift */ = {isa = PBXFileReference; fileEncoding = 4; lastKnownFileType = sourcecode.swift; path = QuestionDetailTableViewController.swift; sourceTree = "<group>"; };
		4ADFDE671ECE4C1400DAACDC /* QuestionDetailTableViewCell.swift */ = {isa = PBXFileReference; fileEncoding = 4; lastKnownFileType = sourcecode.swift; path = QuestionDetailTableViewCell.swift; sourceTree = "<group>"; };
		6C4E88286BF2E877D2651982 /* Pods_StackOverflow.framework */ = {isa = PBXFileReference; explicitFileType = wrapper.framework; includeInIndex = 0; path = Pods_StackOverflow.framework; sourceTree = BUILT_PRODUCTS_DIR; };
/* End PBXFileReference section */

/* Begin PBXFrameworksBuildPhase section */
		4A27D5041ECB4EA1009598BA /* Frameworks */ = {
			isa = PBXFrameworksBuildPhase;
			buildActionMask = 2147483647;
			files = (
				F2B0E0A7DF4F8B6962837964 /* Pods_StackOverflow.framework in Frameworks */,
			);
			runOnlyForDeploymentPostprocessing = 0;
		};
/* End PBXFrameworksBuildPhase section */

/* Begin PBXGroup section */
		01AF412FB6C1FA3B83362E96 /* Pods */ = {
			isa = PBXGroup;
			children = (
				104A09F734F4288FB975F326 /* Pods-StackOverflow.debug.xcconfig */,
				1D9E8FCAFF92A5CFFD2E88E5 /* Pods-StackOverflow.release.xcconfig */,
			);
			name = Pods;
			sourceTree = "<group>";
		};
		4A054A2C1ECE836E00545EEC /* User Interface */ = {
			isa = PBXGroup;
			children = (
				4A054A331ECE83DF00545EEC /* Assets */,
				4A054A321ECE83D400545EEC /* Storyboards */,
				4A054A311ECE83AD00545EEC /* Cells */,
				4A054A2F1ECE839800545EEC /* ViewControllers */,
			);
			name = "User Interface";
			sourceTree = "<group>";
		};
		4A054A2D1ECE837B00545EEC /* Data Model */ = {
			isa = PBXGroup;
			children = (
				4A11C6721ECB5B9900E29E0B /* Question.swift */,
				4ADFDE5F1ECC95A400DAACDC /* User.swift */,
				4A11C6741ECB5BA700E29E0B /* Answer.swift */,
				4A054A361ECE950800545EEC /* Tag.swift */,
				4A054A381ECE9AE900545EEC /* StackDataObject.swift */,
			);
			name = "Data Model";
			sourceTree = "<group>";
		};
		4A054A2E1ECE838700545EEC /* Controller */ = {
			isa = PBXGroup;
			children = (
				4A11C6701ECB574200E29E0B /* ServerManager.swift */,
				4A054A341ECE86FF00545EEC /* QuestionManager.swift */,
			);
			name = Controller;
			sourceTree = "<group>";
		};
		4A054A2F1ECE839800545EEC /* ViewControllers */ = {
			isa = PBXGroup;
			children = (
				4ADFDE611ECCF1E300DAACDC /* QuestionsTableViewController.swift */,
				4ADFDE631ECE3BED00DAACDC /* QuestionDetailTableViewController.swift */,
			);
			name = ViewControllers;
			sourceTree = "<group>";
		};
		4A054A311ECE83AD00545EEC /* Cells */ = {
			isa = PBXGroup;
			children = (
				4A27D51C1ECB548A009598BA /* QuestionTableViewCell.swift */,
				4ADFDE671ECE4C1400DAACDC /* QuestionDetailTableViewCell.swift */,
				4A054A2A1ECE71C600545EEC /* AnswerDetailTableViewCell.swift */,
			);
			name = Cells;
			sourceTree = "<group>";
		};
		4A054A321ECE83D400545EEC /* Storyboards */ = {
			isa = PBXGroup;
			children = (
				4A27D50E1ECB4EA1009598BA /* Main.storyboard */,
				4A27D5131ECB4EA1009598BA /* LaunchScreen.storyboard */,
			);
			name = Storyboards;
			sourceTree = "<group>";
		};
		4A054A331ECE83DF00545EEC /* Assets */ = {
			isa = PBXGroup;
			children = (
				4A27D5111ECB4EA1009598BA /* Assets.xcassets */,
			);
			name = Assets;
			sourceTree = "<group>";
		};
		4A27D4FE1ECB4EA1009598BA = {
			isa = PBXGroup;
			children = (
				4A27D5091ECB4EA1009598BA /* StackOverflow */,
				4A27D5081ECB4EA1009598BA /* Products */,
				01AF412FB6C1FA3B83362E96 /* Pods */,
				A87A924DDE57AA016AFA5226 /* Frameworks */,
			);
			sourceTree = "<group>";
		};
		4A27D5081ECB4EA1009598BA /* Products */ = {
			isa = PBXGroup;
			children = (
				4A27D5071ECB4EA1009598BA /* StackOverflow.app */,
			);
			name = Products;
			sourceTree = "<group>";
		};
		4A27D5091ECB4EA1009598BA /* StackOverflow */ = {
			isa = PBXGroup;
			children = (
				4A27D50A1ECB4EA1009598BA /* AppDelegate.swift */,
				4A054A2E1ECE838700545EEC /* Controller */,
				4A054A2D1ECE837B00545EEC /* Data Model */,
				4A054A2C1ECE836E00545EEC /* User Interface */,
				4A27D5161ECB4EA1009598BA /* Info.plist */,
			);
			path = StackOverflow;
			sourceTree = "<group>";
		};
		A87A924DDE57AA016AFA5226 /* Frameworks */ = {
			isa = PBXGroup;
			children = (
				6C4E88286BF2E877D2651982 /* Pods_StackOverflow.framework */,
			);
			name = Frameworks;
			sourceTree = "<group>";
		};
/* End PBXGroup section */

/* Begin PBXNativeTarget section */
		4A27D5061ECB4EA1009598BA /* StackOverflow */ = {
			isa = PBXNativeTarget;
			buildConfigurationList = 4A27D5191ECB4EA1009598BA /* Build configuration list for PBXNativeTarget "StackOverflow" */;
			buildPhases = (
				B36561E73C91274F6DB7890F /* [CP] Check Pods Manifest.lock */,
				4A27D5031ECB4EA1009598BA /* Sources */,
				4A27D5041ECB4EA1009598BA /* Frameworks */,
				4A27D5051ECB4EA1009598BA /* Resources */,
				FB41F17A95F8E272BDC64EE4 /* [CP] Embed Pods Frameworks */,
				4B2A5A66079D47A116397C24 /* [CP] Copy Pods Resources */,
			);
			buildRules = (
			);
			dependencies = (
			);
			name = StackOverflow;
			productName = StackOverflow;
			productReference = 4A27D5071ECB4EA1009598BA /* StackOverflow.app */;
			productType = "com.apple.product-type.application";
		};
/* End PBXNativeTarget section */

/* Begin PBXProject section */
		4A27D4FF1ECB4EA1009598BA /* Project object */ = {
			isa = PBXProject;
			attributes = {
				LastSwiftUpdateCheck = 0830;
				LastUpgradeCheck = 0830;
				ORGANIZATIONNAME = "Robert Haworth";
				TargetAttributes = {
					4A27D5061ECB4EA1009598BA = {
						CreatedOnToolsVersion = 8.3.2;
						DevelopmentTeam = S7PW65BS48;
						ProvisioningStyle = Automatic;
					};
				};
			};
			buildConfigurationList = 4A27D5021ECB4EA1009598BA /* Build configuration list for PBXProject "StackOverflow" */;
			compatibilityVersion = "Xcode 3.2";
			developmentRegion = English;
			hasScannedForEncodings = 0;
			knownRegions = (
				en,
				Base,
			);
			mainGroup = 4A27D4FE1ECB4EA1009598BA;
			productRefGroup = 4A27D5081ECB4EA1009598BA /* Products */;
			projectDirPath = "";
			projectRoot = "";
			targets = (
				4A27D5061ECB4EA1009598BA /* StackOverflow */,
			);
		};
/* End PBXProject section */

/* Begin PBXResourcesBuildPhase section */
		4A27D5051ECB4EA1009598BA /* Resources */ = {
			isa = PBXResourcesBuildPhase;
			buildActionMask = 2147483647;
			files = (
				4A27D5151ECB4EA1009598BA /* LaunchScreen.storyboard in Resources */,
				4A27D5121ECB4EA1009598BA /* Assets.xcassets in Resources */,
				4A27D5101ECB4EA1009598BA /* Main.storyboard in Resources */,
			);
			runOnlyForDeploymentPostprocessing = 0;
		};
/* End PBXResourcesBuildPhase section */

/* Begin PBXShellScriptBuildPhase section */
		4B2A5A66079D47A116397C24 /* [CP] Copy Pods Resources */ = {
			isa = PBXShellScriptBuildPhase;
			buildActionMask = 2147483647;
			files = (
			);
			inputPaths = (
			);
			name = "[CP] Copy Pods Resources";
			outputPaths = (
			);
			runOnlyForDeploymentPostprocessing = 0;
			shellPath = /bin/sh;
			shellScript = "\"${SRCROOT}/Pods/Target Support Files/Pods-StackOverflow/Pods-StackOverflow-resources.sh\"\n";
			showEnvVarsInLog = 0;
		};
		B36561E73C91274F6DB7890F /* [CP] Check Pods Manifest.lock */ = {
			isa = PBXShellScriptBuildPhase;
			buildActionMask = 2147483647;
			files = (
			);
			inputPaths = (
			);
			name = "[CP] Check Pods Manifest.lock";
			outputPaths = (
			);
			runOnlyForDeploymentPostprocessing = 0;
			shellPath = /bin/sh;
			shellScript = "diff \"${PODS_PODFILE_DIR_PATH}/Podfile.lock\" \"${PODS_ROOT}/Manifest.lock\" > /dev/null\nif [ $? != 0 ] ; then\n    # print error to STDERR\n    echo \"error: The sandbox is not in sync with the Podfile.lock. Run 'pod install' or update your CocoaPods installation.\" >&2\n    exit 1\nfi\n";
			showEnvVarsInLog = 0;
		};
		FB41F17A95F8E272BDC64EE4 /* [CP] Embed Pods Frameworks */ = {
			isa = PBXShellScriptBuildPhase;
			buildActionMask = 2147483647;
			files = (
			);
			inputPaths = (
			);
			name = "[CP] Embed Pods Frameworks";
			outputPaths = (
			);
			runOnlyForDeploymentPostprocessing = 0;
			shellPath = /bin/sh;
			shellScript = "\"${SRCROOT}/Pods/Target Support Files/Pods-StackOverflow/Pods-StackOverflow-frameworks.sh\"\n";
			showEnvVarsInLog = 0;
		};
/* End PBXShellScriptBuildPhase section */

/* Begin PBXSourcesBuildPhase section */
		4A27D5031ECB4EA1009598BA /* Sources */ = {
			isa = PBXSourcesBuildPhase;
			buildActionMask = 2147483647;
			files = (
				4A054A371ECE950800545EEC /* Tag.swift in Sources */,
				4ADFDE621ECCF1E300DAACDC /* QuestionsTableViewController.swift in Sources */,
				4A11C6731ECB5B9900E29E0B /* Question.swift in Sources */,
				4ADFDE681ECE4C1400DAACDC /* QuestionDetailTableViewCell.swift in Sources */,
				4ADFDE641ECE3BED00DAACDC /* QuestionDetailTableViewController.swift in Sources */,
				4A11C6711ECB574200E29E0B /* ServerManager.swift in Sources */,
				4ADFDE601ECC95A400DAACDC /* User.swift in Sources */,
				4A054A2B1ECE71C600545EEC /* AnswerDetailTableViewCell.swift in Sources */,
				4A27D51D1ECB548A009598BA /* QuestionTableViewCell.swift in Sources */,
				4A11C6751ECB5BA700E29E0B /* Answer.swift in Sources */,
				4A054A351ECE86FF00545EEC /* QuestionManager.swift in Sources */,
				4A054A391ECE9AE900545EEC /* StackDataObject.swift in Sources */,
				4A27D50B1ECB4EA1009598BA /* AppDelegate.swift in Sources */,
			);
			runOnlyForDeploymentPostprocessing = 0;
		};
/* End PBXSourcesBuildPhase section */

/* Begin PBXVariantGroup section */
		4A27D50E1ECB4EA1009598BA /* Main.storyboard */ = {
			isa = PBXVariantGroup;
			children = (
				4A27D50F1ECB4EA1009598BA /* Base */,
			);
			name = Main.storyboard;
			sourceTree = "<group>";
		};
		4A27D5131ECB4EA1009598BA /* LaunchScreen.storyboard */ = {
			isa = PBXVariantGroup;
			children = (
				4A27D5141ECB4EA1009598BA /* Base */,
			);
			name = LaunchScreen.storyboard;
			sourceTree = "<group>";
		};
/* End PBXVariantGroup section */

/* Begin XCBuildConfiguration section */
		4A27D5171ECB4EA1009598BA /* Debug */ = {
			isa = XCBuildConfiguration;
			buildSettings = {
				ALWAYS_SEARCH_USER_PATHS = NO;
				CLANG_ANALYZER_NONNULL = YES;
				CLANG_ANALYZER_NUMBER_OBJECT_CONVERSION = YES_AGGRESSIVE;
				CLANG_CXX_LANGUAGE_STANDARD = "gnu++0x";
				CLANG_CXX_LIBRARY = "libc++";
				CLANG_ENABLE_MODULES = YES;
				CLANG_ENABLE_OBJC_ARC = YES;
				CLANG_WARN_BOOL_CONVERSION = YES;
				CLANG_WARN_CONSTANT_CONVERSION = YES;
				CLANG_WARN_DIRECT_OBJC_ISA_USAGE = YES_ERROR;
				CLANG_WARN_DOCUMENTATION_COMMENTS = YES;
				CLANG_WARN_EMPTY_BODY = YES;
				CLANG_WARN_ENUM_CONVERSION = YES;
				CLANG_WARN_INFINITE_RECURSION = YES;
				CLANG_WARN_INT_CONVERSION = YES;
				CLANG_WARN_OBJC_ROOT_CLASS = YES_ERROR;
				CLANG_WARN_SUSPICIOUS_MOVE = YES;
				CLANG_WARN_UNREACHABLE_CODE = YES;
				CLANG_WARN__DUPLICATE_METHOD_MATCH = YES;
				"CODE_SIGN_IDENTITY[sdk=iphoneos*]" = "iPhone Developer";
				COPY_PHASE_STRIP = NO;
				DEBUG_INFORMATION_FORMAT = dwarf;
				ENABLE_STRICT_OBJC_MSGSEND = YES;
				ENABLE_TESTABILITY = YES;
				GCC_C_LANGUAGE_STANDARD = gnu99;
				GCC_DYNAMIC_NO_PIC = NO;
				GCC_NO_COMMON_BLOCKS = YES;
				GCC_OPTIMIZATION_LEVEL = 0;
				GCC_PREPROCESSOR_DEFINITIONS = (
					"DEBUG=1",
					"$(inherited)",
				);
				GCC_WARN_64_TO_32_BIT_CONVERSION = YES;
				GCC_WARN_ABOUT_RETURN_TYPE = YES_ERROR;
				GCC_WARN_UNDECLARED_SELECTOR = YES;
				GCC_WARN_UNINITIALIZED_AUTOS = YES_AGGRESSIVE;
				GCC_WARN_UNUSED_FUNCTION = YES;
				GCC_WARN_UNUSED_VARIABLE = YES;
				IPHONEOS_DEPLOYMENT_TARGET = 10.3;
				MTL_ENABLE_DEBUG_INFO = YES;
				ONLY_ACTIVE_ARCH = YES;
				SDKROOT = iphoneos;
				SWIFT_ACTIVE_COMPILATION_CONDITIONS = DEBUG;
				SWIFT_OPTIMIZATION_LEVEL = "-Onone";
				TARGETED_DEVICE_FAMILY = "1,2";
			};
			name = Debug;
		};
		4A27D5181ECB4EA1009598BA /* Release */ = {
			isa = XCBuildConfiguration;
			buildSettings = {
				ALWAYS_SEARCH_USER_PATHS = NO;
				CLANG_ANALYZER_NONNULL = YES;
				CLANG_ANALYZER_NUMBER_OBJECT_CONVERSION = YES_AGGRESSIVE;
				CLANG_CXX_LANGUAGE_STANDARD = "gnu++0x";
				CLANG_CXX_LIBRARY = "libc++";
				CLANG_ENABLE_MODULES = YES;
				CLANG_ENABLE_OBJC_ARC = YES;
				CLANG_WARN_BOOL_CONVERSION = YES;
				CLANG_WARN_CONSTANT_CONVERSION = YES;
				CLANG_WARN_DIRECT_OBJC_ISA_USAGE = YES_ERROR;
				CLANG_WARN_DOCUMENTATION_COMMENTS = YES;
				CLANG_WARN_EMPTY_BODY = YES;
				CLANG_WARN_ENUM_CONVERSION = YES;
				CLANG_WARN_INFINITE_RECURSION = YES;
				CLANG_WARN_INT_CONVERSION = YES;
				CLANG_WARN_OBJC_ROOT_CLASS = YES_ERROR;
				CLANG_WARN_SUSPICIOUS_MOVE = YES;
				CLANG_WARN_UNREACHABLE_CODE = YES;
				CLANG_WARN__DUPLICATE_METHOD_MATCH = YES;
				"CODE_SIGN_IDENTITY[sdk=iphoneos*]" = "iPhone Developer";
				COPY_PHASE_STRIP = NO;
				DEBUG_INFORMATION_FORMAT = "dwarf-with-dsym";
				ENABLE_NS_ASSERTIONS = NO;
				ENABLE_STRICT_OBJC_MSGSEND = YES;
				GCC_C_LANGUAGE_STANDARD = gnu99;
				GCC_NO_COMMON_BLOCKS = YES;
				GCC_WARN_64_TO_32_BIT_CONVERSION = YES;
				GCC_WARN_ABOUT_RETURN_TYPE = YES_ERROR;
				GCC_WARN_UNDECLARED_SELECTOR = YES;
				GCC_WARN_UNINITIALIZED_AUTOS = YES_AGGRESSIVE;
				GCC_WARN_UNUSED_FUNCTION = YES;
				GCC_WARN_UNUSED_VARIABLE = YES;
				IPHONEOS_DEPLOYMENT_TARGET = 10.3;
				MTL_ENABLE_DEBUG_INFO = NO;
				SDKROOT = iphoneos;
				SWIFT_OPTIMIZATION_LEVEL = "-Owholemodule";
				TARGETED_DEVICE_FAMILY = "1,2";
				VALIDATE_PRODUCT = YES;
			};
			name = Release;
		};
		4A27D51A1ECB4EA1009598BA /* Debug */ = {
			isa = XCBuildConfiguration;
			baseConfigurationReference = 104A09F734F4288FB975F326 /* Pods-StackOverflow.debug.xcconfig */;
			buildSettings = {
				ASSETCATALOG_COMPILER_APPICON_NAME = AppIcon;
				DEVELOPMENT_TEAM = S7PW65BS48;
				INFOPLIST_FILE = StackOverflow/Info.plist;
				LD_RUNPATH_SEARCH_PATHS = "$(inherited) @executable_path/Frameworks";
				PRODUCT_BUNDLE_IDENTIFIER = com.roberthaworth.StackOverflow;
				PRODUCT_NAME = "$(TARGET_NAME)";
				SWIFT_VERSION = 3.0;
			};
			name = Debug;
		};
		4A27D51B1ECB4EA1009598BA /* Release */ = {
			isa = XCBuildConfiguration;
			baseConfigurationReference = 1D9E8FCAFF92A5CFFD2E88E5 /* Pods-StackOverflow.release.xcconfig */;
			buildSettings = {
				ASSETCATALOG_COMPILER_APPICON_NAME = AppIcon;
				DEVELOPMENT_TEAM = S7PW65BS48;
				INFOPLIST_FILE = StackOverflow/Info.plist;
				LD_RUNPATH_SEARCH_PATHS = "$(inherited) @executable_path/Frameworks";
				PRODUCT_BUNDLE_IDENTIFIER = com.roberthaworth.StackOverflow;
				PRODUCT_NAME = "$(TARGET_NAME)";
				SWIFT_VERSION = 3.0;
			};
			name = Release;
		};
/* End XCBuildConfiguration section */

/* Begin XCConfigurationList section */
		4A27D5021ECB4EA1009598BA /* Build configuration list for PBXProject "StackOverflow" */ = {
			isa = XCConfigurationList;
			buildConfigurations = (
				4A27D5171ECB4EA1009598BA /* Debug */,
				4A27D5181ECB4EA1009598BA /* Release */,
			);
			defaultConfigurationIsVisible = 0;
			defaultConfigurationName = Release;
		};
		4A27D5191ECB4EA1009598BA /* Build configuration list for PBXNativeTarget "StackOverflow" */ = {
			isa = XCConfigurationList;
			buildConfigurations = (
				4A27D51A1ECB4EA1009598BA /* Debug */,
				4A27D51B1ECB4EA1009598BA /* Release */,
			);
			defaultConfigurationIsVisible = 0;
			defaultConfigurationName = Release;
		};
/* End XCConfigurationList section */
	};
	rootObject = 4A27D4FF1ECB4EA1009598BA /* Project object */;
}
